// !$*UTF8*$!
{
	archiveVersion = 1;
	classes = {
	};
	objectVersion = 48;
	objects = {

/* Begin PBXBuildFile section */
		74CBAB2720725E6500CA9605 /* AppDelegate.swift in Sources */ = {isa = PBXBuildFile; fileRef = 74CBAB2620725E6500CA9605 /* AppDelegate.swift */; };
		74CBAB2920725E6500CA9605 /* ViewController.swift in Sources */ = {isa = PBXBuildFile; fileRef = 74CBAB2820725E6500CA9605 /* ViewController.swift */; };
		74CBAB2C20725E6500CA9605 /* Main.storyboard in Resources */ = {isa = PBXBuildFile; fileRef = 74CBAB2A20725E6500CA9605 /* Main.storyboard */; };
		74CBAB2E20725E6500CA9605 /* Assets.xcassets in Resources */ = {isa = PBXBuildFile; fileRef = 74CBAB2D20725E6500CA9605 /* Assets.xcassets */; };
		74CBAB3120725E6500CA9605 /* LaunchScreen.storyboard in Resources */ = {isa = PBXBuildFile; fileRef = 74CBAB2F20725E6500CA9605 /* LaunchScreen.storyboard */; };
		74CBAB3A207265F800CA9605 /* Concentration.swift in Sources */ = {isa = PBXBuildFile; fileRef = 74CBAB39207265F800CA9605 /* Concentration.swift */; };
		74CBAB3C2072667500CA9605 /* Card.swift in Sources */ = {isa = PBXBuildFile; fileRef = 74CBAB3B2072667500CA9605 /* Card.swift */; };
/* End PBXBuildFile section */

/* Begin PBXFileReference section */
		74CBAB2320725E6500CA9605 /* CS193P_Homework.app */ = {isa = PBXFileReference; explicitFileType = wrapper.application; includeInIndex = 0; path = CS193P_Homework.app; sourceTree = BUILT_PRODUCTS_DIR; };
		74CBAB2620725E6500CA9605 /* AppDelegate.swift */ = {isa = PBXFileReference; lastKnownFileType = sourcecode.swift; path = AppDelegate.swift; sourceTree = "<group>"; };
		74CBAB2820725E6500CA9605 /* ViewController.swift */ = {isa = PBXFileReference; lastKnownFileType = sourcecode.swift; path = ViewController.swift; sourceTree = "<group>"; };
		74CBAB2B20725E6500CA9605 /* Base */ = {isa = PBXFileReference; lastKnownFileType = file.storyboard; name = Base; path = Base.lproj/Main.storyboard; sourceTree = "<group>"; };
		74CBAB2D20725E6500CA9605 /* Assets.xcassets */ = {isa = PBXFileReference; lastKnownFileType = folder.assetcatalog; path = Assets.xcassets; sourceTree = "<group>"; };
		74CBAB3020725E6500CA9605 /* Base */ = {isa = PBXFileReference; lastKnownFileType = file.storyboard; name = Base; path = Base.lproj/LaunchScreen.storyboard; sourceTree = "<group>"; };
		74CBAB3220725E6500CA9605 /* Info.plist */ = {isa = PBXFileReference; lastKnownFileType = text.plist.xml; path = Info.plist; sourceTree = "<group>"; };
		74CBAB39207265F800CA9605 /* Concentration.swift */ = {isa = PBXFileReference; lastKnownFileType = sourcecode.swift; path = Concentration.swift; sourceTree = "<group>"; };
		74CBAB3B2072667500CA9605 /* Card.swift */ = {isa = PBXFileReference; lastKnownFileType = sourcecode.swift; path = Card.swift; sourceTree = "<group>"; };
/* End PBXFileReference section */

/* Begin PBXFrameworksBuildPhase section */
		74CBAB2020725E6500CA9605 /* Frameworks */ = {
			isa = PBXFrameworksBuildPhase;
			buildActionMask = 2147483647;
			files = (
			);
			runOnlyForDeploymentPostprocessing = 0;
		};
/* End PBXFrameworksBuildPhase section */

/* Begin PBXGroup section */
		74CBAB1A20725E6500CA9605 = {
			isa = PBXGroup;
			children = (
				74CBAB2520725E6500CA9605 /* CS193P_Homework */,
				74CBAB2420725E6500CA9605 /* Products */,
			);
			sourceTree = "<group>";
		};
		74CBAB2420725E6500CA9605 /* Products */ = {
			isa = PBXGroup;
			children = (
				74CBAB2320725E6500CA9605 /* CS193P_Homework.app */,
			);
			name = Products;
			sourceTree = "<group>";
		};
		74CBAB2520725E6500CA9605 /* CS193P_Homework */ = {
			isa = PBXGroup;
			children = (
				74CBAB2820725E6500CA9605 /* ViewController.swift */,
				74CBAB2A20725E6500CA9605 /* Main.storyboard */,
				74CBAB39207265F800CA9605 /* Concentration.swift */,
				74CBAB3B2072667500CA9605 /* Card.swift */,
				74CBAB3820725EBC00CA9605 /* Supporting Files */,
				74CBAB3220725E6500CA9605 /* Info.plist */,
			);
			path = CS193P_Homework;
			sourceTree = "<group>";
		};
		74CBAB3820725EBC00CA9605 /* Supporting Files */ = {
			isa = PBXGroup;
			children = (
				74CBAB2F20725E6500CA9605 /* LaunchScreen.storyboard */,
				74CBAB2D20725E6500CA9605 /* Assets.xcassets */,
				74CBAB2620725E6500CA9605 /* AppDelegate.swift */,
			);
			path = "Supporting Files";
			sourceTree = "<group>";
		};
/* End PBXGroup section */

/* Begin PBXNativeTarget section */
		74CBAB2220725E6500CA9605 /* CS193P_Homework */ = {
			isa = PBXNativeTarget;
			buildConfigurationList = 74CBAB3520725E6500CA9605 /* Build configuration list for PBXNativeTarget "CS193P_Homework" */;
			buildPhases = (
				74CBAB1F20725E6500CA9605 /* Sources */,
				74CBAB2020725E6500CA9605 /* Frameworks */,
				74CBAB2120725E6500CA9605 /* Resources */,
			);
			buildRules = (
			);
			dependencies = (
			);
			name = CS193P_Homework;
			productName = CS193P_Homework;
			productReference = 74CBAB2320725E6500CA9605 /* CS193P_Homework.app */;
			productType = "com.apple.product-type.application";
		};
/* End PBXNativeTarget section */

/* Begin PBXProject section */
		74CBAB1B20725E6500CA9605 /* Project object */ = {
			isa = PBXProject;
			attributes = {
				LastSwiftUpdateCheck = 0920;
				LastUpgradeCheck = 0920;
				ORGANIZATIONNAME = "Phoenix Wu";
				TargetAttributes = {
					74CBAB2220725E6500CA9605 = {
						CreatedOnToolsVersion = 9.2;
						ProvisioningStyle = Automatic;
					};
				};
			};
			buildConfigurationList = 74CBAB1E20725E6500CA9605 /* Build configuration list for PBXProject "CS193P_Homework" */;
			compatibilityVersion = "Xcode 8.0";
			developmentRegion = en;
			hasScannedForEncodings = 0;
			knownRegions = (
				en,
				Base,
			);
			mainGroup = 74CBAB1A20725E6500CA9605;
			productRefGroup = 74CBAB2420725E6500CA9605 /* Products */;
			projectDirPath = "";
			projectRoot = "";
			targets = (
				74CBAB2220725E6500CA9605 /* CS193P_Homework */,
			);
		};
/* End PBXProject section */

/* Begin PBXResourcesBuildPhase section */
		74CBAB2120725E6500CA9605 /* Resources */ = {
			isa = PBXResourcesBuildPhase;
			buildActionMask = 2147483647;
			files = (
				74CBAB3120725E6500CA9605 /* LaunchScreen.storyboard in Resources */,
				74CBAB2E20725E6500CA9605 /* Assets.xcassets in Resources */,
				74CBAB2C20725E6500CA9605 /* Main.storyboard in Resources */,
			);
			runOnlyForDeploymentPostprocessing = 0;
		};
/* End PBXResourcesBuildPhase section */

/* Begin PBXSourcesBuildPhase section */
		74CBAB1F20725E6500CA9605 /* Sources */ = {
			isa = PBXSourcesBuildPhase;
			buildActionMask = 2147483647;
			files = (
				74CBAB2920725E6500CA9605 /* ViewController.swift in Sources */,
				74CBAB2720725E6500CA9605 /* AppDelegate.swift in Sources */,
				74CBAB3A207265F800CA9605 /* Concentration.swift in Sources */,
				74CBAB3C2072667500CA9605 /* Card.swift in Sources */,
			);
			runOnlyForDeploymentPostprocessing = 0;
		};
/* End PBXSourcesBuildPhase section */

/* Begin PBXVariantGroup section */
		74CBAB2A20725E6500CA9605 /* Main.storyboard */ = {
			isa = PBXVariantGroup;
			children = (
				74CBAB2B20725E6500CA9605 /* Base */,
			);
			name = Main.storyboard;
			sourceTree = "<group>";
		};
		74CBAB2F20725E6500CA9605 /* LaunchScreen.storyboard */ = {
			isa = PBXVariantGroup;
			children = (
				74CBAB3020725E6500CA9605 /* Base */,
			);
			name = LaunchScreen.storyboard;
			sourceTree = "<group>";
		};
/* End PBXVariantGroup section */

/* Begin XCBuildConfiguration section */
		74CBAB3320725E6500CA9605 /* Debug */ = {
			isa = XCBuildConfiguration;
			buildSettings = {
				ALWAYS_SEARCH_USER_PATHS = NO;
				CLANG_ANALYZER_NONNULL = YES;
				CLANG_ANALYZER_NUMBER_OBJECT_CONVERSION = YES_AGGRESSIVE;
				CLANG_CXX_LANGUAGE_STANDARD = "gnu++14";
				CLANG_CXX_LIBRARY = "libc++";
				CLANG_ENABLE_MODULES = YES;
				CLANG_ENABLE_OBJC_ARC = YES;
				CLANG_WARN_BLOCK_CAPTURE_AUTORELEASING = YES;
				CLANG_WARN_BOOL_CONVERSION = YES;
				CLANG_WARN_COMMA = YES;
				CLANG_WARN_CONSTANT_CONVERSION = YES;
				CLANG_WARN_DIRECT_OBJC_ISA_USAGE = YES_ERROR;
				CLANG_WARN_DOCUMENTATION_COMMENTS = YES;
				CLANG_WARN_EMPTY_BODY = YES;
				CLANG_WARN_ENUM_CONVERSION = YES;
				CLANG_WARN_INFINITE_RECURSION = YES;
				CLANG_WARN_INT_CONVERSION = YES;
				CLANG_WARN_NON_LITERAL_NULL_CONVERSION = YES;
				CLANG_WARN_OBJC_LITERAL_CONVERSION = YES;
				CLANG_WARN_OBJC_ROOT_CLASS = YES_ERROR;
				CLANG_WARN_RANGE_LOOP_ANALYSIS = YES;
				CLANG_WARN_STRICT_PROTOTYPES = YES;
				CLANG_WARN_SUSPICIOUS_MOVE = YES;
				CLANG_WARN_UNGUARDED_AVAILABILITY = YES_AGGRESSIVE;
				CLANG_WARN_UNREACHABLE_CODE = YES;
				CLANG_WARN__DUPLICATE_METHOD_MATCH = YES;
				CODE_SIGN_IDENTITY = "iPhone Developer";
				COPY_PHASE_STRIP = NO;
				DEBUG_INFORMATION_FORMAT = dwarf;
				ENABLE_STRICT_OBJC_MSGSEND = YES;
				ENABLE_TESTABILITY = YES;
				GCC_C_LANGUAGE_STANDARD = gnu11;
				GCC_DYNAMIC_NO_PIC = NO;
				GCC_NO_COMMON_BLOCKS = YES;
				GCC_OPTIMIZATION_LEVEL = 0;
				GCC_PREPROCESSOR_DEFINITIONS = (
					"DEBUG=1",
					"$(inherited)",
				);
				GCC_WARN_64_TO_32_BIT_CONVERSION = YES;
				GCC_WARN_ABOUT_RETURN_TYPE = YES_ERROR;
				GCC_WARN_UNDECLARED_SELECTOR = YES;
				GCC_WARN_UNINITIALIZED_AUTOS = YES_AGGRESSIVE;
				GCC_WARN_UNUSED_FUNCTION = YES;
				GCC_WARN_UNUSED_VARIABLE = YES;
				IPHONEOS_DEPLOYMENT_TARGET = 11.2;
				MTL_ENABLE_DEBUG_INFO = YES;
				ONLY_ACTIVE_ARCH = YES;
				SDKROOT = iphoneos;
				SWIFT_ACTIVE_COMPILATION_CONDITIONS = DEBUG;
				SWIFT_OPTIMIZATION_LEVEL = "-Onone";
			};
			name = Debug;
		};
		74CBAB3420725E6500CA9605 /* Release */ = {
			isa = XCBuildConfiguration;
			buildSettings = {
				ALWAYS_SEARCH_USER_PATHS = NO;
				CLANG_ANALYZER_NONNULL = YES;
				CLANG_ANALYZER_NUMBER_OBJECT_CONVERSION = YES_AGGRESSIVE;
				CLANG_CXX_LANGUAGE_STANDARD = "gnu++14";
				CLANG_CXX_LIBRARY = "libc++";
				CLANG_ENABLE_MODULES = YES;
				CLANG_ENABLE_OBJC_ARC = YES;
				CLANG_WARN_BLOCK_CAPTURE_AUTORELEASING = YES;
				CLANG_WARN_BOOL_CONVERSION = YES;
				CLANG_WARN_COMMA = YES;
				CLANG_WARN_CONSTANT_CONVERSION = YES;
				CLANG_WARN_DIRECT_OBJC_ISA_USAGE = YES_ERROR;
				CLANG_WARN_DOCUMENTATION_COMMENTS = YES;
				CLANG_WARN_EMPTY_BODY = YES;
				CLANG_WARN_ENUM_CONVERSION = YES;
				CLANG_WARN_INFINITE_RECURSION = YES;
				CLANG_WARN_INT_CONVERSION = YES;
				CLANG_WARN_NON_LITERAL_NULL_CONVERSION = YES;
				CLANG_WARN_OBJC_LITERAL_CONVERSION = YES;
				CLANG_WARN_OBJC_ROOT_CLASS = YES_ERROR;
				CLANG_WARN_RANGE_LOOP_ANALYSIS = YES;
				CLANG_WARN_STRICT_PROTOTYPES = YES;
				CLANG_WARN_SUSPICIOUS_MOVE = YES;
				CLANG_WARN_UNGUARDED_AVAILABILITY = YES_AGGRESSIVE;
				CLANG_WARN_UNREACHABLE_CODE = YES;
				CLANG_WARN__DUPLICATE_METHOD_MATCH = YES;
				CODE_SIGN_IDENTITY = "iPhone Developer";
				COPY_PHASE_STRIP = NO;
				DEBUG_INFORMATION_FORMAT = "dwarf-with-dsym";
				ENABLE_NS_ASSERTIONS = NO;
				ENABLE_STRICT_OBJC_MSGSEND = YES;
				GCC_C_LANGUAGE_STANDARD = gnu11;
				GCC_NO_COMMON_BLOCKS = YES;
				GCC_WARN_64_TO_32_BIT_CONVERSION = YES;
				GCC_WARN_ABOUT_RETURN_TYPE = YES_ERROR;
				GCC_WARN_UNDECLARED_SELECTOR = YES;
				GCC_WARN_UNINITIALIZED_AUTOS = YES_AGGRESSIVE;
				GCC_WARN_UNUSED_FUNCTION = YES;
				GCC_WARN_UNUSED_VARIABLE = YES;
				IPHONEOS_DEPLOYMENT_TARGET = 11.2;
				MTL_ENABLE_DEBUG_INFO = NO;
				SDKROOT = iphoneos;
				SWIFT_OPTIMIZATION_LEVEL = "-Owholemodule";
				VALIDATE_PRODUCT = YES;
			};
			name = Release;
		};
		74CBAB3620725E6500CA9605 /* Debug */ = {
			isa = XCBuildConfiguration;
			buildSettings = {
				ASSETCATALOG_COMPILER_APPICON_NAME = AppIcon;
				CODE_SIGN_STYLE = Automatic;
				DEVELOPMENT_TEAM = VHY3WV968G;
				INFOPLIST_FILE = CS193P_Homework/Info.plist;
				LD_RUNPATH_SEARCH_PATHS = "$(inherited) @executable_path/Frameworks";
				PRODUCT_BUNDLE_IDENTIFIER = "com.phx.swft.cs193p.homework.CS193P-Homework";
				PRODUCT_NAME = "$(TARGET_NAME)";
				SWIFT_VERSION = 4.0;
				TARGETED_DEVICE_FAMILY = "1,2";
			};
			name = Debug;
		};
		74CBAB3720725E6500CA9605 /* Release */ = {
			isa = XCBuildConfiguration;
			buildSettings = {
				ASSETCATALOG_COMPILER_APPICON_NAME = AppIcon;
				CODE_SIGN_STYLE = Automatic;
				DEVELOPMENT_TEAM = VHY3WV968G;
				INFOPLIST_FILE = CS193P_Homework/Info.plist;
				LD_RUNPATH_SEARCH_PATHS = "$(inherited) @executable_path/Frameworks";
				PRODUCT_BUNDLE_IDENTIFIER = "com.phx.swft.cs193p.homework.CS193P-Homework";
				PRODUCT_NAME = "$(TARGET_NAME)";
				SWIFT_VERSION = 4.0;
				TARGETED_DEVICE_FAMILY = "1,2";
			};
			name = Release;
		};
/* End XCBuildConfiguration section */

/* Begin XCConfigurationList section */
		74CBAB1E20725E6500CA9605 /* Build configuration list for PBXProject "CS193P_Homework" */ = {
			isa = XCConfigurationList;
			buildConfigurations = (
				74CBAB3320725E6500CA9605 /* Debug */,
				74CBAB3420725E6500CA9605 /* Release */,
			);
			defaultConfigurationIsVisible = 0;
			defaultConfigurationName = Release;
		};
		74CBAB3520725E6500CA9605 /* Build configuration list for PBXNativeTarget "CS193P_Homework" */ = {
			isa = XCConfigurationList;
			buildConfigurations = (
				74CBAB3620725E6500CA9605 /* Debug */,
				74CBAB3720725E6500CA9605 /* Release */,
			);
			defaultConfigurationIsVisible = 0;
			defaultConfigurationName = Release;
		};
/* End XCConfigurationList section */
	};
	rootObject = 74CBAB1B20725E6500CA9605 /* Project object */;
}
